
Microsoft Visual Studio Solution File, Format Version 12.00
# Visual Studio 15
VisualStudioVersion = 15.0.28307.852
MinimumVisualStudioVersion = 10.0.40219.1
Project("{E24C65DC-7377-472B-9ABA-BC803B73C61A}") = "Reydman_Exam3", "Reydman_Exam3\", "{EB97ED00-6625-4432-A7A4-AB7878D09425}"
	ProjectSection(WebsiteProperties) = preProject
		TargetFrameworkMoniker = ".NETFramework,Version%3Dv4.6.1"
		Debug.AspNetCompiler.VirtualPath = "/localhost_49892"
		Debug.AspNetCompiler.PhysicalPath = "Reydman_Exam3\"
		Debug.AspNetCompiler.TargetPath = "PrecompiledWeb\localhost_49892\"
		Debug.AspNetCompiler.Updateable = "true"
		Debug.AspNetCompiler.ForceOverwrite = "true"
		Debug.AspNetCompiler.FixedNames = "false"
		Debug.AspNetCompiler.Debug = "True"
		Release.AspNetCompiler.VirtualPath = "/localhost_49892"
		Release.AspNetCompiler.PhysicalPath = "Reydman_Exam3\"
		Release.AspNetCompiler.TargetPath = "PrecompiledWeb\localhost_49892\"
		Release.AspNetCompiler.Updateable = "true"
		Release.AspNetCompiler.ForceOverwrite = "true"
		Release.AspNetCompiler.FixedNames = "false"
		Release.AspNetCompiler.Debug = "False"
		VWDPort = "49892"
		SlnRelativePath = "Reydman_Exam3\"
		DefaultWebSiteLanguage = "Visual Basic"
	EndProjectSection
EndProject
Global
	GlobalSection(SolutionConfigurationPlatforms) = preSolution
		Debug|Any CPU = Debug|Any CPU
	EndGlobalSection
	GlobalSection(ProjectConfigurationPlatforms) = postSolution
		{EB97ED00-6625-4432-A7A4-AB7878D09425}.Debug|Any CPU.ActiveCfg = Debug|Any CPU
		{EB97ED00-6625-4432-A7A4-AB7878D09425}.Debug|Any CPU.Build.0 = Debug|Any CPU
	EndGlobalSection
	GlobalSection(SolutionProperties) = preSolution
		HideSolutionNode = FALSE
	EndGlobalSection
	GlobalSection(ExtensibilityGlobals) = postSolution
		SolutionGuid = {EB9C003E-C25C-4967-A6D2-51CAEC93195D}
	EndGlobalSection
EndGlobal
